
Microsoft Visual Studio Solution File, Format Version 12.00
# Visual Studio Version 17
VisualStudioVersion = 17.3.32922.545
MinimumVisualStudioVersion = 10.0.40219.1
Project("{FAE04EC0-301F-11D3-BF4B-00C04F79EFBC}") = "CalculadoraBET9", "CalculadoraBET9\CalculadoraBET9.csproj", "{37790962-FB1A-4B16-926E-2BFE6F755283}"
EndProject
Project("{FAE04EC0-301F-11D3-BF4B-00C04F79EFBC}") = "TesteMsTeste", "TesteMsTeste\TesteMsTeste.csproj", "{EB59E90D-1FDA-46D7-A427-AB5A94FF9916}"
EndProject
Project("{FAE04EC0-301F-11D3-BF4B-00C04F79EFBC}") = "TesteXUnit", "TesteXUnit\TesteXUnit.csproj", "{C1736D6A-5CC5-42EA-9DF6-396F37F1F469}"
EndProject
Global
	GlobalSection(SolutionConfigurationPlatforms) = preSolution
		Debug|Any CPU = Debug|Any CPU
		Release|Any CPU = Release|Any CPU
	EndGlobalSection
	GlobalSection(ProjectConfigurationPlatforms) = postSolution
		{37790962-FB1A-4B16-926E-2BFE6F755283}.Debug|Any CPU.ActiveCfg = Debug|Any CPU
		{37790962-FB1A-4B16-926E-2BFE6F755283}.Debug|Any CPU.Build.0 = Debug|Any CPU
		{37790962-FB1A-4B16-926E-2BFE6F755283}.Release|Any CPU.ActiveCfg = Release|Any CPU
		{37790962-FB1A-4B16-926E-2BFE6F755283}.Release|Any CPU.Build.0 = Release|Any CPU
		{EB59E90D-1FDA-46D7-A427-AB5A94FF9916}.Debug|Any CPU.ActiveCfg = Debug|Any CPU
		{EB59E90D-1FDA-46D7-A427-AB5A94FF9916}.Debug|Any CPU.Build.0 = Debug|Any CPU
		{EB59E90D-1FDA-46D7-A427-AB5A94FF9916}.Release|Any CPU.ActiveCfg = Release|Any CPU
		{EB59E90D-1FDA-46D7-A427-AB5A94FF9916}.Release|Any CPU.Build.0 = Release|Any CPU
		{C1736D6A-5CC5-42EA-9DF6-396F37F1F469}.Debug|Any CPU.ActiveCfg = Debug|Any CPU
		{C1736D6A-5CC5-42EA-9DF6-396F37F1F469}.Debug|Any CPU.Build.0 = Debug|Any CPU
		{C1736D6A-5CC5-42EA-9DF6-396F37F1F469}.Release|Any CPU.ActiveCfg = Release|Any CPU
		{C1736D6A-5CC5-42EA-9DF6-396F37F1F469}.Release|Any CPU.Build.0 = Release|Any CPU
	EndGlobalSection
	GlobalSection(SolutionProperties) = preSolution
		HideSolutionNode = FALSE
	EndGlobalSection
	GlobalSection(ExtensibilityGlobals) = postSolution
		SolutionGuid = {FF01E88D-BB66-41F7-B5E4-92CCE87A5AE5}
	EndGlobalSection
EndGlobal
